
Microsoft Visual Studio Solution File, Format Version 12.00
# Visual Studio Version 17
VisualStudioVersion = 17.0.32112.339
MinimumVisualStudioVersion = 10.0.40219.1
Project("{FAE04EC0-301F-11D3-BF4B-00C04F79EFBC}") = "TicketManagementSystem", "TicketManagementSystem.csproj", "{D6287523-4EA9-4FE2-A21B-486D0DF01556}"
EndProject
Global
	GlobalSection(SolutionConfigurationPlatforms) = preSolution
		Debug|Any CPU = Debug|Any CPU
		Release|Any CPU = Release|Any CPU
	EndGlobalSection
	GlobalSection(ProjectConfigurationPlatforms) = postSolution
		{D6287523-4EA9-4FE2-A21B-486D0DF01556}.Debug|Any CPU.ActiveCfg = Debug|Any CPU
		{D6287523-4EA9-4FE2-A21B-486D0DF01556}.Debug|Any CPU.Build.0 = Debug|Any CPU
		{D6287523-4EA9-4FE2-A21B-486D0DF01556}.Release|Any CPU.ActiveCfg = Release|Any CPU
		{D6287523-4EA9-4FE2-A21B-486D0DF01556}.Release|Any CPU.Build.0 = Release|Any CPU
	EndGlobalSection
	GlobalSection(SolutionProperties) = preSolution
		HideSolutionNode = FALSE
	EndGlobalSection
	GlobalSection(ExtensibilityGlobals) = postSolution
		SolutionGuid = {87CAEA1D-CC3E-44FD-AAD9-93F69B6C35B3}
	EndGlobalSection
EndGlobal
